
Microsoft Visual Studio Solution File, Format Version 12.00
# Visual Studio Version 17
VisualStudioVersion = 17.1.32210.238
MinimumVisualStudioVersion = 10.0.40219.1
Project("{FAE04EC0-301F-11D3-BF4B-00C04F79EFBC}") = "GUIGame", "GUIGame\GUIGame.csproj", "{6474417E-B280-4504-83E3-6A791E99B35C}"
EndProject
Global
	GlobalSection(SolutionConfigurationPlatforms) = preSolution
		Debug|Any CPU = Debug|Any CPU
		Release|Any CPU = Release|Any CPU
	EndGlobalSection
	GlobalSection(ProjectConfigurationPlatforms) = postSolution
		{6474417E-B280-4504-83E3-6A791E99B35C}.Debug|Any CPU.ActiveCfg = Debug|Any CPU
		{6474417E-B280-4504-83E3-6A791E99B35C}.Debug|Any CPU.Build.0 = Debug|Any CPU
		{6474417E-B280-4504-83E3-6A791E99B35C}.Release|Any CPU.ActiveCfg = Release|Any CPU
		{6474417E-B280-4504-83E3-6A791E99B35C}.Release|Any CPU.Build.0 = Release|Any CPU
	EndGlobalSection
	GlobalSection(SolutionProperties) = preSolution
		HideSolutionNode = FALSE
	EndGlobalSection
	GlobalSection(ExtensibilityGlobals) = postSolution
		SolutionGuid = {1B68F64A-4604-4CC4-B547-95F2010D1769}
	EndGlobalSection
EndGlobal
